{
  "name": "react-intl-detect-unused",
  "version": "1.0.0",
  "lockfileVersion": 2,
  "requires": true,
  "packages": {
    "": {
      "name": "react-intl-detect-unused",
      "version": "1.0.0",
      "license": "Apache-2.0",
      "dependencies": {
        "node-getopt": "^0.3.2",
        "react-intl": "^6.2.8"
      },
      "bin": {
        "react-intl-unused": "index.mjs"
      }
    },
    "node_modules/@formatjs/ecma402-abstract": {
      "version": "1.14.3",
      "resolved": "https://registry.npmjs.org/@formatjs/ecma402-abstract/-/ecma402-abstract-1.14.3.tgz",
      "integrity": "sha512-SlsbRC/RX+/zg4AApWIFNDdkLtFbkq3LNoZWXZCE/nHVKqoIJyaoQyge/I0Y38vLxowUn9KTtXgusLD91+orbg==",
      "dependencies": {
        "@formatjs/intl-localematcher": "0.2.32",
        "tslib": "^2.4.0"
      }
    },
    "node_modules/@formatjs/fast-memoize": {
      "version": "1.2.8",
      "resolved": "https://registry.npmjs.org/@formatjs/fast-memoize/-/fast-memoize-1.2.8.tgz",
      "integrity": "sha512-PemNUObyoIZcqdQ1ixTPugzAzhEj7j6AHIyrq/qR6x5BFTvOQeXHYsVZUqBEFduAIscUaDfou+U+xTqOiunJ3Q==",
      "dependencies": {
        "tslib": "^2.4.0"
      }
    },
    "node_modules/@formatjs/icu-messageformat-parser": {
      "version": "2.2.0",
      "resolved": "https://registry.npmjs.org/@formatjs/icu-messageformat-parser/-/icu-messageformat-parser-2.2.0.tgz",
      "integrity": "sha512-NT/jKI9nvqNIsosTm+Cxv3BHutB1RIDFa4rAa2b664Od4sBnXtK7afXvAqNa3XDFxljKTij9Cp+kRMJbXozUww==",
      "dependencies": {
        "@formatjs/ecma402-abstract": "1.14.3",
        "@formatjs/icu-skeleton-parser": "1.3.18",
        "tslib": "^2.4.0"
      }
    },
    "node_modules/@formatjs/icu-skeleton-parser": {
      "version": "1.3.18",
      "resolved": "https://registry.npmjs.org/@formatjs/icu-skeleton-parser/-/icu-skeleton-parser-1.3.18.tgz",
      "integrity": "sha512-ND1ZkZfmLPcHjAH1sVpkpQxA+QYfOX3py3SjKWMUVGDow18gZ0WPqz3F+pJLYQMpS2LnnQ5zYR2jPVYTbRwMpg==",
      "dependencies": {
        "@formatjs/ecma402-abstract": "1.14.3",
        "tslib": "^2.4.0"
      }
    },
    "node_modules/@formatjs/intl": {
      "version": "2.6.5",
      "resolved": "https://registry.npmjs.org/@formatjs/intl/-/intl-2.6.5.tgz",
      "integrity": "sha512-kNH221hsdbTAMdsF6JAxSFV4N/9p5azXZvCLQBxl10Q4D2caPODLtne98gRhinIJ8Hv3djBabPdJG32OQaHuMA==",
      "dependencies": {
        "@formatjs/ecma402-abstract": "1.14.3",
        "@formatjs/fast-memoize": "1.2.8",
        "@formatjs/icu-messageformat-parser": "2.2.0",
        "@formatjs/intl-displaynames": "6.2.4",
        "@formatjs/intl-listformat": "7.1.7",
        "intl-messageformat": "10.3.0",
        "tslib": "^2.4.0"
      },
      "peerDependencies": {
        "typescript": "^4.7"
      },
      "peerDependenciesMeta": {
        "typescript": {
          "optional": true
        }
      }
    },
    "node_modules/@formatjs/intl-displaynames": {
      "version": "6.2.4",
      "resolved": "https://registry.npmjs.org/@formatjs/intl-displaynames/-/intl-displaynames-6.2.4.tgz",
      "integrity": "sha512-CmTbSjnmAZHNGuA9vBkWoDHvrcrRauDb0OWc6nk2dAPtesQdadr49Q9N18fr8IV7n3rblgKiYaFVjg68UkRxNg==",
      "dependencies": {
        "@formatjs/ecma402-abstract": "1.14.3",
        "@formatjs/intl-localematcher": "0.2.32",
        "tslib": "^2.4.0"
      }
    },
    "node_modules/@formatjs/intl-listformat": {
      "version": "7.1.7",
      "resolved": "https://registry.npmjs.org/@formatjs/intl-listformat/-/intl-listformat-7.1.7.tgz",
      "integrity": "sha512-Zzf5ruPpfJnrAA2hGgf/6pMgQ3tx9oJVhpqycFDavHl3eEzrwdHddGqGdSNwhd0bB4NAFttZNQdmKDldc5iDZw==",
      "dependencies": {
        "@formatjs/ecma402-abstract": "1.14.3",
        "@formatjs/intl-localematcher": "0.2.32",
        "tslib": "^2.4.0"
      }
    },
    "node_modules/@formatjs/intl-localematcher": {
      "version": "0.2.32",
      "resolved": "https://registry.npmjs.org/@formatjs/intl-localematcher/-/intl-localematcher-0.2.32.tgz",
      "integrity": "sha512-k/MEBstff4sttohyEpXxCmC3MqbUn9VvHGlZ8fauLzkbwXmVrEeyzS+4uhrvAk9DWU9/7otYWxyDox4nT/KVLQ==",
      "dependencies": {
        "tslib": "^2.4.0"
      }
    },
    "node_modules/@types/hoist-non-react-statics": {
      "version": "3.3.1",
      "resolved": "https://registry.npmjs.org/@types/hoist-non-react-statics/-/hoist-non-react-statics-3.3.1.tgz",
      "integrity": "sha512-iMIqiko6ooLrTh1joXodJK5X9xeEALT1kM5G3ZLhD3hszxBdIEd5C75U834D9mLcINgD4OyZf5uQXjkuYydWvA==",
      "dependencies": {
        "@types/react": "*",
        "hoist-non-react-statics": "^3.3.0"
      }
    },
    "node_modules/@types/prop-types": {
      "version": "15.7.5",
      "resolved": "https://registry.npmjs.org/@types/prop-types/-/prop-types-15.7.5.tgz",
      "integrity": "sha512-JCB8C6SnDoQf0cNycqd/35A7MjcnK+ZTqE7judS6o7utxUCg6imJg3QK2qzHKszlTjcj2cn+NwMB2i96ubpj7w=="
    },
    "node_modules/@types/react": {
      "version": "18.0.27",
      "resolved": "https://registry.npmjs.org/@types/react/-/react-18.0.27.tgz",
      "integrity": "sha512-3vtRKHgVxu3Jp9t718R9BuzoD4NcQ8YJ5XRzsSKxNDiDonD2MXIT1TmSkenxuCycZJoQT5d2vE8LwWJxBC1gmA==",
      "dependencies": {
        "@types/prop-types": "*",
        "@types/scheduler": "*",
        "csstype": "^3.0.2"
      }
    },
    "node_modules/@types/scheduler": {
      "version": "0.16.2",
      "resolved": "https://registry.npmjs.org/@types/scheduler/-/scheduler-0.16.2.tgz",
      "integrity": "sha512-hppQEBDmlwhFAXKJX2KnWLYu5yMfi91yazPb2l+lbJiwW+wdo1gNeRA+3RgNSO39WYX2euey41KEwnqesU2Jew=="
    },
    "node_modules/csstype": {
      "version": "3.1.1",
      "resolved": "https://registry.npmjs.org/csstype/-/csstype-3.1.1.tgz",
      "integrity": "sha512-DJR/VvkAvSZW9bTouZue2sSxDwdTN92uHjqeKVm+0dAqdfNykRzQ95tay8aXMBAAPpUiq4Qcug2L7neoRh2Egw=="
    },
    "node_modules/hoist-non-react-statics": {
      "version": "3.3.2",
      "resolved": "https://registry.npmjs.org/hoist-non-react-statics/-/hoist-non-react-statics-3.3.2.tgz",
      "integrity": "sha512-/gGivxi8JPKWNm/W0jSmzcMPpfpPLc3dY/6GxhX2hQ9iGj3aDfklV4ET7NjKpSinLpJ5vafa9iiGIEZg10SfBw==",
      "dependencies": {
        "react-is": "^16.7.0"
      }
    },
    "node_modules/intl-messageformat": {
      "version": "10.3.0",
      "resolved": "https://registry.npmjs.org/intl-messageformat/-/intl-messageformat-10.3.0.tgz",
      "integrity": "sha512-FKeBZKH9T2Ue4RUXCuwY/hEaRHU8cgICevlGKog0qSBuz/amtRKNBLetBLmRxiHeEkF7JBBckC+56GIwshlRwA==",
      "dependencies": {
        "@formatjs/ecma402-abstract": "1.14.3",
        "@formatjs/fast-memoize": "1.2.8",
        "@formatjs/icu-messageformat-parser": "2.2.0",
        "tslib": "^2.4.0"
      }
    },
    "node_modules/js-tokens": {
      "version": "4.0.0",
      "resolved": "https://registry.npmjs.org/js-tokens/-/js-tokens-4.0.0.tgz",
      "integrity": "sha512-RdJUflcE3cUzKiMqQgsCu06FPu9UdIJO0beYbPhHN4k6apgJtifcoCtT9bcxOpYBtpD2kCM6Sbzg4CausW/PKQ==",
      "peer": true
    },
    "node_modules/loose-envify": {
      "version": "1.4.0",
      "resolved": "https://registry.npmjs.org/loose-envify/-/loose-envify-1.4.0.tgz",
      "integrity": "sha512-lyuxPGr/Wfhrlem2CL/UcnUc1zcqKAImBDzukY7Y5F/yQiNdko6+fRLevlw1HgMySw7f611UIY408EtxRSoK3Q==",
      "peer": true,
      "dependencies": {
        "js-tokens": "^3.0.0 || ^4.0.0"
      },
      "bin": {
        "loose-envify": "cli.js"
      }
    },
    "node_modules/node-getopt": {
      "version": "0.3.2",
      "resolved": "https://registry.npmjs.org/node-getopt/-/node-getopt-0.3.2.tgz",
      "integrity": "sha512-yqkmYrMbK1wPrfz7mgeYvA4tBperLg9FQ4S3Sau3nSAkpOA0x0zC8nQ1siBwozy1f4SE8vq2n1WKv99r+PCa1Q==",
      "engines": {
        "node": ">= 0.6.0"
      }
    },
    "node_modules/react": {
      "version": "18.2.0",
      "resolved": "https://registry.npmjs.org/react/-/react-18.2.0.tgz",
      "integrity": "sha512-/3IjMdb2L9QbBdWiW5e3P2/npwMBaU9mHCSCUzNln0ZCYbcfTsGbTJrU/kGemdH2IWmB2ioZ+zkxtmq6g09fGQ==",
      "peer": true,
      "dependencies": {
        "loose-envify": "^1.1.0"
      },
      "engines": {
        "node": ">=0.10.0"
      }
    },
    "node_modules/react-intl": {
      "version": "6.2.8",
      "resolved": "https://registry.npmjs.org/react-intl/-/react-intl-6.2.8.tgz",
      "integrity": "sha512-Njzmbmk58rBx6i0bGQbBLYj+KbR9IXbFfbK2u0AFayjDx+VJW30MdJV6aNL9EiPaXfcOcAYm31R777e/UHWeEw==",
      "dependencies": {
        "@formatjs/ecma402-abstract": "1.14.3",
        "@formatjs/icu-messageformat-parser": "2.2.0",
        "@formatjs/intl": "2.6.5",
        "@formatjs/intl-displaynames": "6.2.4",
        "@formatjs/intl-listformat": "7.1.7",
        "@types/hoist-non-react-statics": "^3.3.1",
        "@types/react": "16 || 17 || 18",
        "hoist-non-react-statics": "^3.3.2",
        "intl-messageformat": "10.3.0",
        "tslib": "^2.4.0"
      },
      "peerDependencies": {
        "react": "^16.6.0 || 17 || 18",
        "typescript": "^4.7"
      },
      "peerDependenciesMeta": {
        "typescript": {
          "optional": true
        }
      }
    },
    "node_modules/react-is": {
      "version": "16.13.1",
      "resolved": "https://registry.npmjs.org/react-is/-/react-is-16.13.1.tgz",
      "integrity": "sha512-24e6ynE2H+OKt4kqsOvNd8kBpV65zoxbA4BVsEOB3ARVWQki/DHzaUoC5KuON/BiccDaCCTZBuOcfZs70kR8bQ=="
    },
    "node_modules/tslib": {
      "version": "2.5.0",
      "resolved": "https://registry.npmjs.org/tslib/-/tslib-2.5.0.tgz",
      "integrity": "sha512-336iVw3rtn2BUK7ORdIAHTyxHGRIHVReokCR3XjbckJMK7ms8FysBfhLR8IXnAgy7T0PTPNBWKiH514FOW/WSg=="
    }
  },
  "dependencies": {
    "@formatjs/ecma402-abstract": {
      "version": "1.14.3",
      "resolved": "https://registry.npmjs.org/@formatjs/ecma402-abstract/-/ecma402-abstract-1.14.3.tgz",
      "integrity": "sha512-SlsbRC/RX+/zg4AApWIFNDdkLtFbkq3LNoZWXZCE/nHVKqoIJyaoQyge/I0Y38vLxowUn9KTtXgusLD91+orbg==",
      "requires": {
        "@formatjs/intl-localematcher": "0.2.32",
        "tslib": "^2.4.0"
      }
    },
    "@formatjs/fast-memoize": {
      "version": "1.2.8",
      "resolved": "https://registry.npmjs.org/@formatjs/fast-memoize/-/fast-memoize-1.2.8.tgz",
      "integrity": "sha512-PemNUObyoIZcqdQ1ixTPugzAzhEj7j6AHIyrq/qR6x5BFTvOQeXHYsVZUqBEFduAIscUaDfou+U+xTqOiunJ3Q==",
      "requires": {
        "tslib": "^2.4.0"
      }
    },
    "@formatjs/icu-messageformat-parser": {
      "version": "2.2.0",
      "resolved": "https://registry.npmjs.org/@formatjs/icu-messageformat-parser/-/icu-messageformat-parser-2.2.0.tgz",
      "integrity": "sha512-NT/jKI9nvqNIsosTm+Cxv3BHutB1RIDFa4rAa2b664Od4sBnXtK7afXvAqNa3XDFxljKTij9Cp+kRMJbXozUww==",
      "requires": {
        "@formatjs/ecma402-abstract": "1.14.3",
        "@formatjs/icu-skeleton-parser": "1.3.18",
        "tslib": "^2.4.0"
      }
    },
    "@formatjs/icu-skeleton-parser": {
      "version": "1.3.18",
      "resolved": "https://registry.npmjs.org/@formatjs/icu-skeleton-parser/-/icu-skeleton-parser-1.3.18.tgz",
      "integrity": "sha512-ND1ZkZfmLPcHjAH1sVpkpQxA+QYfOX3py3SjKWMUVGDow18gZ0WPqz3F+pJLYQMpS2LnnQ5zYR2jPVYTbRwMpg==",
      "requires": {
        "@formatjs/ecma402-abstract": "1.14.3",
        "tslib": "^2.4.0"
      }
    },
    "@formatjs/intl": {
      "version": "2.6.5",
      "resolved": "https://registry.npmjs.org/@formatjs/intl/-/intl-2.6.5.tgz",
      "integrity": "sha512-kNH221hsdbTAMdsF6JAxSFV4N/9p5azXZvCLQBxl10Q4D2caPODLtne98gRhinIJ8Hv3djBabPdJG32OQaHuMA==",
      "requires": {
        "@formatjs/ecma402-abstract": "1.14.3",
        "@formatjs/fast-memoize": "1.2.8",
        "@formatjs/icu-messageformat-parser": "2.2.0",
        "@formatjs/intl-displaynames": "6.2.4",
        "@formatjs/intl-listformat": "7.1.7",
        "intl-messageformat": "10.3.0",
        "tslib": "^2.4.0"
      }
    },
    "@formatjs/intl-displaynames": {
      "version": "6.2.4",
      "resolved": "https://registry.npmjs.org/@formatjs/intl-displaynames/-/intl-displaynames-6.2.4.tgz",
      "integrity": "sha512-CmTbSjnmAZHNGuA9vBkWoDHvrcrRauDb0OWc6nk2dAPtesQdadr49Q9N18fr8IV7n3rblgKiYaFVjg68UkRxNg==",
      "requires": {
        "@formatjs/ecma402-abstract": "1.14.3",
        "@formatjs/intl-localematcher": "0.2.32",
        "tslib": "^2.4.0"
      }
    },
    "@formatjs/intl-listformat": {
      "version": "7.1.7",
      "resolved": "https://registry.npmjs.org/@formatjs/intl-listformat/-/intl-listformat-7.1.7.tgz",
      "integrity": "sha512-Zzf5ruPpfJnrAA2hGgf/6pMgQ3tx9oJVhpqycFDavHl3eEzrwdHddGqGdSNwhd0bB4NAFttZNQdmKDldc5iDZw==",
      "requires": {
        "@formatjs/ecma402-abstract": "1.14.3",
        "@formatjs/intl-localematcher": "0.2.32",
        "tslib": "^2.4.0"
      }
    },
    "@formatjs/intl-localematcher": {
      "version": "0.2.32",
      "resolved": "https://registry.npmjs.org/@formatjs/intl-localematcher/-/intl-localematcher-0.2.32.tgz",
      "integrity": "sha512-k/MEBstff4sttohyEpXxCmC3MqbUn9VvHGlZ8fauLzkbwXmVrEeyzS+4uhrvAk9DWU9/7otYWxyDox4nT/KVLQ==",
      "requires": {
        "tslib": "^2.4.0"
      }
    },
    "@types/hoist-non-react-statics": {
      "version": "3.3.1",
      "resolved": "https://registry.npmjs.org/@types/hoist-non-react-statics/-/hoist-non-react-statics-3.3.1.tgz",
      "integrity": "sha512-iMIqiko6ooLrTh1joXodJK5X9xeEALT1kM5G3ZLhD3hszxBdIEd5C75U834D9mLcINgD4OyZf5uQXjkuYydWvA==",
      "requires": {
        "@types/react": "*",
        "hoist-non-react-statics": "^3.3.0"
      }
    },
    "@types/prop-types": {
      "version": "15.7.5",
      "resolved": "https://registry.npmjs.org/@types/prop-types/-/prop-types-15.7.5.tgz",
      "integrity": "sha512-JCB8C6SnDoQf0cNycqd/35A7MjcnK+ZTqE7judS6o7utxUCg6imJg3QK2qzHKszlTjcj2cn+NwMB2i96ubpj7w=="
    },
    "@types/react": {
      "version": "18.0.27",
      "resolved": "https://registry.npmjs.org/@types/react/-/react-18.0.27.tgz",
      "integrity": "sha512-3vtRKHgVxu3Jp9t718R9BuzoD4NcQ8YJ5XRzsSKxNDiDonD2MXIT1TmSkenxuCycZJoQT5d2vE8LwWJxBC1gmA==",
      "requires": {
        "@types/prop-types": "*",
        "@types/scheduler": "*",
        "csstype": "^3.0.2"
      }
    },
    "@types/scheduler": {
      "version": "0.16.2",
      "resolved": "https://registry.npmjs.org/@types/scheduler/-/scheduler-0.16.2.tgz",
      "integrity": "sha512-hppQEBDmlwhFAXKJX2KnWLYu5yMfi91yazPb2l+lbJiwW+wdo1gNeRA+3RgNSO39WYX2euey41KEwnqesU2Jew=="
    },
    "csstype": {
      "version": "3.1.1",
      "resolved": "https://registry.npmjs.org/csstype/-/csstype-3.1.1.tgz",
      "integrity": "sha512-DJR/VvkAvSZW9bTouZue2sSxDwdTN92uHjqeKVm+0dAqdfNykRzQ95tay8aXMBAAPpUiq4Qcug2L7neoRh2Egw=="
    },
    "hoist-non-react-statics": {
      "version": "3.3.2",
      "resolved": "https://registry.npmjs.org/hoist-non-react-statics/-/hoist-non-react-statics-3.3.2.tgz",
      "integrity": "sha512-/gGivxi8JPKWNm/W0jSmzcMPpfpPLc3dY/6GxhX2hQ9iGj3aDfklV4ET7NjKpSinLpJ5vafa9iiGIEZg10SfBw==",
      "requires": {
        "react-is": "^16.7.0"
      }
    },
    "intl-messageformat": {
      "version": "10.3.0",
      "resolved": "https://registry.npmjs.org/intl-messageformat/-/intl-messageformat-10.3.0.tgz",
      "integrity": "sha512-FKeBZKH9T2Ue4RUXCuwY/hEaRHU8cgICevlGKog0qSBuz/amtRKNBLetBLmRxiHeEkF7JBBckC+56GIwshlRwA==",
      "requires": {
        "@formatjs/ecma402-abstract": "1.14.3",
        "@formatjs/fast-memoize": "1.2.8",
        "@formatjs/icu-messageformat-parser": "2.2.0",
        "tslib": "^2.4.0"
      }
    },
    "js-tokens": {
      "version": "4.0.0",
      "resolved": "https://registry.npmjs.org/js-tokens/-/js-tokens-4.0.0.tgz",
      "integrity": "sha512-RdJUflcE3cUzKiMqQgsCu06FPu9UdIJO0beYbPhHN4k6apgJtifcoCtT9bcxOpYBtpD2kCM6Sbzg4CausW/PKQ==",
      "peer": true
    },
    "loose-envify": {
      "version": "1.4.0",
      "resolved": "https://registry.npmjs.org/loose-envify/-/loose-envify-1.4.0.tgz",
      "integrity": "sha512-lyuxPGr/Wfhrlem2CL/UcnUc1zcqKAImBDzukY7Y5F/yQiNdko6+fRLevlw1HgMySw7f611UIY408EtxRSoK3Q==",
      "peer": true,
      "requires": {
        "js-tokens": "^3.0.0 || ^4.0.0"
      }
    },
    "node-getopt": {
      "version": "0.3.2",
      "resolved": "https://registry.npmjs.org/node-getopt/-/node-getopt-0.3.2.tgz",
      "integrity": "sha512-yqkmYrMbK1wPrfz7mgeYvA4tBperLg9FQ4S3Sau3nSAkpOA0x0zC8nQ1siBwozy1f4SE8vq2n1WKv99r+PCa1Q=="
    },
    "react": {
      "version": "18.2.0",
      "resolved": "https://registry.npmjs.org/react/-/react-18.2.0.tgz",
      "integrity": "sha512-/3IjMdb2L9QbBdWiW5e3P2/npwMBaU9mHCSCUzNln0ZCYbcfTsGbTJrU/kGemdH2IWmB2ioZ+zkxtmq6g09fGQ==",
      "peer": true,
      "requires": {
        "loose-envify": "^1.1.0"
      }
    },
    "react-intl": {
      "version": "6.2.8",
      "resolved": "https://registry.npmjs.org/react-intl/-/react-intl-6.2.8.tgz",
      "integrity": "sha512-Njzmbmk58rBx6i0bGQbBLYj+KbR9IXbFfbK2u0AFayjDx+VJW30MdJV6aNL9EiPaXfcOcAYm31R777e/UHWeEw==",
      "requires": {
        "@formatjs/ecma402-abstract": "1.14.3",
        "@formatjs/icu-messageformat-parser": "2.2.0",
        "@formatjs/intl": "2.6.5",
        "@formatjs/intl-displaynames": "6.2.4",
        "@formatjs/intl-listformat": "7.1.7",
        "@types/hoist-non-react-statics": "^3.3.1",
        "@types/react": "16 || 17 || 18",
        "hoist-non-react-statics": "^3.3.2",
        "intl-messageformat": "10.3.0",
        "tslib": "^2.4.0"
      }
    },
    "react-is": {
      "version": "16.13.1",
      "resolved": "https://registry.npmjs.org/react-is/-/react-is-16.13.1.tgz",
      "integrity": "sha512-24e6ynE2H+OKt4kqsOvNd8kBpV65zoxbA4BVsEOB3ARVWQki/DHzaUoC5KuON/BiccDaCCTZBuOcfZs70kR8bQ=="
    },
    "tslib": {
      "version": "2.5.0",
      "resolved": "https://registry.npmjs.org/tslib/-/tslib-2.5.0.tgz",
      "integrity": "sha512-336iVw3rtn2BUK7ORdIAHTyxHGRIHVReokCR3XjbckJMK7ms8FysBfhLR8IXnAgy7T0PTPNBWKiH514FOW/WSg=="
    }
  }
}
